
Microsoft Visual Studio Solution File, Format Version 12.00
# Visual Studio Version 17
VisualStudioVersion = 17.14.36623.8
MinimumVisualStudioVersion = 10.0.40219.1
Project("{FAE04EC0-301F-11D3-BF4B-00C04F79EFBC}") = "Fuji36-api-gateway", "fuji36-api-gateway\Fuji36-api-gateway.csproj", "{45CDA3D0-F816-4807-A744-EEB5EFBC899E}"
EndProject
Project("{FAE04EC0-301F-11D3-BF4B-00C04F79EFBC}") = "Fuji36.Common", "Fuji36.Common\Fuji36.Common.csproj", "{CAD1C169-B2F4-4D3F-9725-2F9180D1377D}"
EndProject
Project("{FAE04EC0-301F-11D3-BF4B-00C04F79EFBC}") = "Fuji36.Identity", "Fuji36.Identity\Fuji36.Identity.csproj", "{25B10337-7F7B-461F-A31D-6AFACB4DD847}"
EndProject
Project("{FAE04EC0-301F-11D3-BF4B-00C04F79EFBC}") = "Fuji36.Session", "Fuji36.Session\Fuji36.Session.csproj", "{53912D57-4E9C-4F87-BDB4-24349C31494E}"
EndProject
Project("{FAE04EC0-301F-11D3-BF4B-00C04F79EFBC}") = "Fuji36.Analysis.Orchestrator", "Fuji36.Analysis.Orchestrator\Fuji36.Analysis.Orchestrator.csproj", "{D28A3235-C977-48E0-AD61-96FEED7E397D}"
EndProject
Project("{FAE04EC0-301F-11D3-BF4B-00C04F79EFBC}") = "Fuji36.Planning", "Fuji36.Planning\Fuji36.Planning.csproj", "{97F8E4FE-AA27-4358-947E-139CC2EBE0EF}"
EndProject
Global
	GlobalSection(SolutionConfigurationPlatforms) = preSolution
		Debug|Any CPU = Debug|Any CPU
		Debug|x64 = Debug|x64
		Debug|x86 = Debug|x86
		Release|Any CPU = Release|Any CPU
		Release|x64 = Release|x64
		Release|x86 = Release|x86
	EndGlobalSection
	GlobalSection(ProjectConfigurationPlatforms) = postSolution
		{45CDA3D0-F816-4807-A744-EEB5EFBC899E}.Debug|Any CPU.ActiveCfg = Debug|Any CPU
		{45CDA3D0-F816-4807-A744-EEB5EFBC899E}.Debug|Any CPU.Build.0 = Debug|Any CPU
		{45CDA3D0-F816-4807-A744-EEB5EFBC899E}.Debug|x64.ActiveCfg = Debug|Any CPU
		{45CDA3D0-F816-4807-A744-EEB5EFBC899E}.Debug|x64.Build.0 = Debug|Any CPU
		{45CDA3D0-F816-4807-A744-EEB5EFBC899E}.Debug|x86.ActiveCfg = Debug|Any CPU
		{45CDA3D0-F816-4807-A744-EEB5EFBC899E}.Debug|x86.Build.0 = Debug|Any CPU
		{45CDA3D0-F816-4807-A744-EEB5EFBC899E}.Release|Any CPU.ActiveCfg = Release|Any CPU
		{45CDA3D0-F816-4807-A744-EEB5EFBC899E}.Release|Any CPU.Build.0 = Release|Any CPU
		{45CDA3D0-F816-4807-A744-EEB5EFBC899E}.Release|x64.ActiveCfg = Release|Any CPU
		{45CDA3D0-F816-4807-A744-EEB5EFBC899E}.Release|x64.Build.0 = Release|Any CPU
		{45CDA3D0-F816-4807-A744-EEB5EFBC899E}.Release|x86.ActiveCfg = Release|Any CPU
		{45CDA3D0-F816-4807-A744-EEB5EFBC899E}.Release|x86.Build.0 = Release|Any CPU
		{CAD1C169-B2F4-4D3F-9725-2F9180D1377D}.Debug|Any CPU.ActiveCfg = Debug|Any CPU
		{CAD1C169-B2F4-4D3F-9725-2F9180D1377D}.Debug|Any CPU.Build.0 = Debug|Any CPU
		{CAD1C169-B2F4-4D3F-9725-2F9180D1377D}.Debug|x64.ActiveCfg = Debug|Any CPU
		{CAD1C169-B2F4-4D3F-9725-2F9180D1377D}.Debug|x64.Build.0 = Debug|Any CPU
		{CAD1C169-B2F4-4D3F-9725-2F9180D1377D}.Debug|x86.ActiveCfg = Debug|Any CPU
		{CAD1C169-B2F4-4D3F-9725-2F9180D1377D}.Debug|x86.Build.0 = Debug|Any CPU
		{CAD1C169-B2F4-4D3F-9725-2F9180D1377D}.Release|Any CPU.ActiveCfg = Release|Any CPU
		{CAD1C169-B2F4-4D3F-9725-2F9180D1377D}.Release|Any CPU.Build.0 = Release|Any CPU
		{CAD1C169-B2F4-4D3F-9725-2F9180D1377D}.Release|x64.ActiveCfg = Release|Any CPU
		{CAD1C169-B2F4-4D3F-9725-2F9180D1377D}.Release|x64.Build.0 = Release|Any CPU
		{CAD1C169-B2F4-4D3F-9725-2F9180D1377D}.Release|x86.ActiveCfg = Release|Any CPU
		{CAD1C169-B2F4-4D3F-9725-2F9180D1377D}.Release|x86.Build.0 = Release|Any CPU
		{25B10337-7F7B-461F-A31D-6AFACB4DD847}.Debug|Any CPU.ActiveCfg = Debug|Any CPU
		{25B10337-7F7B-461F-A31D-6AFACB4DD847}.Debug|Any CPU.Build.0 = Debug|Any CPU
		{25B10337-7F7B-461F-A31D-6AFACB4DD847}.Debug|x64.ActiveCfg = Debug|Any CPU
		{25B10337-7F7B-461F-A31D-6AFACB4DD847}.Debug|x64.Build.0 = Debug|Any CPU
		{25B10337-7F7B-461F-A31D-6AFACB4DD847}.Debug|x86.ActiveCfg = Debug|Any CPU
		{25B10337-7F7B-461F-A31D-6AFACB4DD847}.Debug|x86.Build.0 = Debug|Any CPU
		{25B10337-7F7B-461F-A31D-6AFACB4DD847}.Release|Any CPU.ActiveCfg = Release|Any CPU
		{25B10337-7F7B-461F-A31D-6AFACB4DD847}.Release|Any CPU.Build.0 = Release|Any CPU
		{25B10337-7F7B-461F-A31D-6AFACB4DD847}.Release|x64.ActiveCfg = Release|Any CPU
		{25B10337-7F7B-461F-A31D-6AFACB4DD847}.Release|x64.Build.0 = Release|Any CPU
		{25B10337-7F7B-461F-A31D-6AFACB4DD847}.Release|x86.ActiveCfg = Release|Any CPU
		{25B10337-7F7B-461F-A31D-6AFACB4DD847}.Release|x86.Build.0 = Release|Any CPU
		{53912D57-4E9C-4F87-BDB4-24349C31494E}.Debug|Any CPU.ActiveCfg = Debug|Any CPU
		{53912D57-4E9C-4F87-BDB4-24349C31494E}.Debug|Any CPU.Build.0 = Debug|Any CPU
		{53912D57-4E9C-4F87-BDB4-24349C31494E}.Debug|x64.ActiveCfg = Debug|Any CPU
		{53912D57-4E9C-4F87-BDB4-24349C31494E}.Debug|x64.Build.0 = Debug|Any CPU
		{53912D57-4E9C-4F87-BDB4-24349C31494E}.Debug|x86.ActiveCfg = Debug|Any CPU
		{53912D57-4E9C-4F87-BDB4-24349C31494E}.Debug|x86.Build.0 = Debug|Any CPU
		{53912D57-4E9C-4F87-BDB4-24349C31494E}.Release|Any CPU.ActiveCfg = Release|Any CPU
		{53912D57-4E9C-4F87-BDB4-24349C31494E}.Release|Any CPU.Build.0 = Release|Any CPU
		{53912D57-4E9C-4F87-BDB4-24349C31494E}.Release|x64.ActiveCfg = Release|Any CPU
		{53912D57-4E9C-4F87-BDB4-24349C31494E}.Release|x64.Build.0 = Release|Any CPU
		{53912D57-4E9C-4F87-BDB4-24349C31494E}.Release|x86.ActiveCfg = Release|Any CPU
		{53912D57-4E9C-4F87-BDB4-24349C31494E}.Release|x86.Build.0 = Release|Any CPU
		{D28A3235-C977-48E0-AD61-96FEED7E397D}.Debug|Any CPU.ActiveCfg = Debug|Any CPU
		{D28A3235-C977-48E0-AD61-96FEED7E397D}.Debug|Any CPU.Build.0 = Debug|Any CPU
		{D28A3235-C977-48E0-AD61-96FEED7E397D}.Debug|x64.ActiveCfg = Debug|Any CPU
		{D28A3235-C977-48E0-AD61-96FEED7E397D}.Debug|x64.Build.0 = Debug|Any CPU
		{D28A3235-C977-48E0-AD61-96FEED7E397D}.Debug|x86.ActiveCfg = Debug|Any CPU
		{D28A3235-C977-48E0-AD61-96FEED7E397D}.Debug|x86.Build.0 = Debug|Any CPU
		{D28A3235-C977-48E0-AD61-96FEED7E397D}.Release|Any CPU.ActiveCfg = Release|Any CPU
		{D28A3235-C977-48E0-AD61-96FEED7E397D}.Release|Any CPU.Build.0 = Release|Any CPU
		{D28A3235-C977-48E0-AD61-96FEED7E397D}.Release|x64.ActiveCfg = Release|Any CPU
		{D28A3235-C977-48E0-AD61-96FEED7E397D}.Release|x64.Build.0 = Release|Any CPU
		{D28A3235-C977-48E0-AD61-96FEED7E397D}.Release|x86.ActiveCfg = Release|Any CPU
		{D28A3235-C977-48E0-AD61-96FEED7E397D}.Release|x86.Build.0 = Release|Any CPU
		{97F8E4FE-AA27-4358-947E-139CC2EBE0EF}.Debug|Any CPU.ActiveCfg = Debug|Any CPU
		{97F8E4FE-AA27-4358-947E-139CC2EBE0EF}.Debug|Any CPU.Build.0 = Debug|Any CPU
		{97F8E4FE-AA27-4358-947E-139CC2EBE0EF}.Debug|x64.ActiveCfg = Debug|Any CPU
		{97F8E4FE-AA27-4358-947E-139CC2EBE0EF}.Debug|x64.Build.0 = Debug|Any CPU
		{97F8E4FE-AA27-4358-947E-139CC2EBE0EF}.Debug|x86.ActiveCfg = Debug|Any CPU
		{97F8E4FE-AA27-4358-947E-139CC2EBE0EF}.Debug|x86.Build.0 = Debug|Any CPU
		{97F8E4FE-AA27-4358-947E-139CC2EBE0EF}.Release|Any CPU.ActiveCfg = Release|Any CPU
		{97F8E4FE-AA27-4358-947E-139CC2EBE0EF}.Release|Any CPU.Build.0 = Release|Any CPU
		{97F8E4FE-AA27-4358-947E-139CC2EBE0EF}.Release|x64.ActiveCfg = Release|Any CPU
		{97F8E4FE-AA27-4358-947E-139CC2EBE0EF}.Release|x64.Build.0 = Release|Any CPU
		{97F8E4FE-AA27-4358-947E-139CC2EBE0EF}.Release|x86.ActiveCfg = Release|Any CPU
		{97F8E4FE-AA27-4358-947E-139CC2EBE0EF}.Release|x86.Build.0 = Release|Any CPU
	EndGlobalSection
	GlobalSection(SolutionProperties) = preSolution
		HideSolutionNode = FALSE
	EndGlobalSection
	GlobalSection(ExtensibilityGlobals) = postSolution
		SolutionGuid = {94C92397-3524-44AF-8FA0-ADFCE646D69F}
	EndGlobalSection
EndGlobal
